{
  "version": 4,
  "terraform_version": "1.14.5",
  "serial": 60,
  "lineage": "e4e68e60-26ac-bd45-f7f8-04ed760d461c",
  "outputs": {
    "instance_public_dns": {
      "value": "ec2-3-109-217-157.ap-south-1.compute.amazonaws.com",
      "type": "string"
    },
    "instance_public_ip": {
      "value": "3.109.217.157",
      "type": "string"
    }
  },
  "resources": [
    {
      "mode": "data",
      "type": "aws_ami",
      "name": "ubuntu",
      "provider": "provider[\"registry.terraform.io/hashicorp/aws\"]",
      "instances": [
        {
          "schema_version": 0,
          "attributes": {
            "allow_unsafe_filter": null,
            "architecture": "x86_64",
            "arn": "arn:aws:ec2:ap-south-1::image/ami-07216ac99dc46a187",
            "block_device_mappings": [
              {
                "device_name": "/dev/sda1",
                "ebs": {
                  "delete_on_termination": "true",
                  "encrypted": "false",
                  "iops": "0",
                  "snapshot_id": "snap-057bb958ae3c2e6a4",
                  "throughput": "0",
                  "volume_initialization_rate": "0",
                  "volume_size": "8",
                  "volume_type": "gp2"
                },
                "no_device": "",
                "virtual_name": ""
              },
              {
                "device_name": "/dev/sdb",
                "ebs": {},
                "no_device": "",
                "virtual_name": "ephemeral0"
              },
              {
                "device_name": "/dev/sdc",
                "ebs": {},
                "no_device": "",
                "virtual_name": "ephemeral1"
              }
            ],
            "boot_mode": "uefi-preferred",
            "creation_date": "2026-02-18T06:49:44.000Z",
            "deprecation_time": "2028-02-18T06:49:44.000Z",
            "description": "Canonical, Ubuntu, 22.04, amd64 jammy image",
            "ena_support": true,
            "executable_users": null,
            "filter": [
              {
                "name": "name",
                "values": [
                  "ubuntu/images/hvm-ssd/ubuntu-jammy-22.04-amd64-server-*"
                ]
              },
              {
                "name": "virtualization-type",
                "values": [
                  "hvm"
                ]
              }
            ],
            "hypervisor": "xen",
            "id": "ami-07216ac99dc46a187",
            "image_id": "ami-07216ac99dc46a187",
            "image_location": "amazon/ubuntu/images/hvm-ssd/ubuntu-jammy-22.04-amd64-server-20260218",
            "image_owner_alias": "amazon",
            "image_type": "machine",
            "imds_support": "",
            "include_deprecated": false,
            "kernel_id": "",
            "last_launched_time": "",
            "most_recent": true,
            "name": "ubuntu/images/hvm-ssd/ubuntu-jammy-22.04-amd64-server-20260218",
            "name_regex": null,
            "owner_id": "099720109477",
            "owners": [
              "099720109477"
            ],
            "platform": "",
            "platform_details": "Linux/UNIX",
            "product_codes": [],
            "public": true,
            "ramdisk_id": "",
            "region": "ap-south-1",
            "root_device_name": "/dev/sda1",
            "root_device_type": "ebs",
            "root_snapshot_id": "snap-057bb958ae3c2e6a4",
            "sriov_net_support": "simple",
            "state": "available",
            "state_reason": {
              "code": "UNSET",
              "message": "UNSET"
            },
            "tags": {},
            "timeouts": null,
            "tpm_support": "",
            "uefi_data": null,
            "usage_operation": "RunInstances",
            "virtualization_type": "hvm"
          },
          "sensitive_attributes": [],
          "identity_schema_version": 0
        }
      ]
    },
    {
      "mode": "managed",
      "type": "aws_instance",
      "name": "docker_instance",
      "provider": "provider[\"registry.terraform.io/hashicorp/aws\"]",
      "instances": [
        {
          "schema_version": 2,
          "attributes": {
            "ami": "ami-07216ac99dc46a187",
            "arn": "arn:aws:ec2:ap-south-1:767905693503:instance/i-0bedefb064c514dcf",
            "associate_public_ip_address": true,
            "availability_zone": "ap-south-1a",
            "capacity_reservation_specification": [
              {
                "capacity_reservation_preference": "open",
                "capacity_reservation_target": []
              }
            ],
            "cpu_options": [
              {
                "amd_sev_snp": "",
                "core_count": 1,
                "nested_virtualization": "",
                "threads_per_core": 2
              }
            ],
            "credit_specification": [
              {
                "cpu_credits": "unlimited"
              }
            ],
            "disable_api_stop": false,
            "disable_api_termination": false,
            "ebs_block_device": [],
            "ebs_optimized": false,
            "enable_primary_ipv6": null,
            "enclave_options": [
              {
                "enabled": false
              }
            ],
            "ephemeral_block_device": [],
            "force_destroy": false,
            "get_password_data": false,
            "hibernation": false,
            "host_id": "",
            "host_resource_group_arn": null,
            "iam_instance_profile": "",
            "id": "i-0bedefb064c514dcf",
            "instance_initiated_shutdown_behavior": "stop",
            "instance_lifecycle": "",
            "instance_market_options": [],
            "instance_state": "running",
            "instance_type": "t3.micro",
            "ipv6_address_count": 0,
            "ipv6_addresses": [],
            "key_name": "my-devops-key",
            "launch_template": [],
            "maintenance_options": [
              {
                "auto_recovery": "default"
              }
            ],
            "metadata_options": [
              {
                "http_endpoint": "enabled",
                "http_protocol_ipv6": "disabled",
                "http_put_response_hop_limit": 1,
                "http_tokens": "optional",
                "instance_metadata_tags": "disabled"
              }
            ],
            "monitoring": false,
            "network_interface": [],
            "outpost_arn": "",
            "password_data": "",
            "placement_group": "",
            "placement_group_id": "",
            "placement_partition_number": 0,
            "primary_network_interface": [
              {
                "delete_on_termination": true,
                "network_interface_id": "eni-0a8c2b4458145f913"
              }
            ],
            "primary_network_interface_id": "eni-0a8c2b4458145f913",
            "private_dns": "ip-172-31-40-20.ap-south-1.compute.internal",
            "private_dns_name_options": [
              {
                "enable_resource_name_dns_a_record": false,
                "enable_resource_name_dns_aaaa_record": false,
                "hostname_type": "ip-name"
              }
            ],
            "private_ip": "172.31.40.20",
            "public_dns": "ec2-3-109-217-157.ap-south-1.compute.amazonaws.com",
            "public_ip": "3.109.217.157",
            "region": "ap-south-1",
            "root_block_device": [
              {
                "delete_on_termination": true,
                "device_name": "/dev/sda1",
                "encrypted": false,
                "iops": 100,
                "kms_key_id": "",
                "tags": {},
                "tags_all": {},
                "throughput": 0,
                "volume_id": "vol-0b81edf9a4b41cd56",
                "volume_size": 8,
                "volume_type": "gp2"
              }
            ],
            "secondary_network_interface": [],
            "secondary_private_ips": [],
            "security_groups": [
              "allow_web_traffic_v2"
            ],
            "source_dest_check": true,
            "spot_instance_request_id": "",
            "subnet_id": "subnet-09354627ff389a88c",
            "tags": {
              "Name": "Docker-instance"
            },
            "tags_all": {
              "Name": "Docker-instance"
            },
            "tenancy": "default",
            "timeouts": null,
            "user_data": "#!/bin/bash\n# 1. Update the system\napt-get update -y\napt-get upgrade -y\nsudo apt-get install -y docker.io docker-compose-v2\n\n# 2. Add your user to the docker group so it can run without sudo later\nsudo usermod -aG docker ubuntu\n\n\n# Create Nginx config file\n\nsudo cat \u003c\u003c'EOF' \u003e /home/ubuntu/nginx.conf\nevents {\n    worker_connections 1024;\n}\n\nhttp {\n    # 1. Tell Nginx to use Docker's internal DNS (127.0.0.11)\n    resolver 127.0.0.11 valid=30s;\n\n    server {\n        listen 80;\n        server_name localhost;\n\n        location / {\n            # 2. Put the domain in a variable $upstream\n            set $upstream http://web_app:8000;\n\n            # 3. Use the variable in proxy_pass\n            proxy_pass $upstream;\n\n            proxy_set_header Host $host;\n            proxy_set_header X-Real-IP $remote_addr;\n            proxy_set_header X-Forwarded-For $proxy_add_x_forwarded_for;\n        }\n    }\n}\nEOF\n\n\n# Create Docker compose file\n\nsudo cat \u003c\u003c'EOF' \u003e /home/ubuntu/docker-compose.yml\nversion: \"3.8\"\n\nservices: \n  reverse-proxy:\n    image: nginx:latest\n    container_name: my_nginx_proxy\n    ports:\n      - \"80:80\"\n    volumes:\n      - ./nginx.conf:/etc/nginx/nginx.conf:ro\n    depends_on: \n      - web_app\n    networks:\n      - frontend\n\n  web_app:\n    image: ak009/net-monitor:v1\n    command: python -m http.server 8000\n    networks:\n      - frontend\n      - backend\n    deploy:\n      replicas: 3\n    depends_on:\n      mongodb:\n        condition: service_healthy\n\n  mongodb:\n    image: mongo:latest\n    container_name: my_mongodb\n    ports:\n      - \"27017:27017\"\n    environment:\n      # These variables create a root user for the 'admin' database\n      MONGO_INITDB_ROOT_USERNAME: ${DB_USER}\n      MONGO_INITDB_ROOT_PASSWORD: ${DB_PASSWORD}\n      # Optional: create a default application database on startup\n      MONGO_INITDB_DATABASE: myappdb\n    volumes:\n      # This named volume persists your data on the host machine\n      - mongo-data:/data/db\n    healthcheck:\n      test: [\"CMD\", \"mongosh\", \"--eval\", \"db.adminCommand('ping')\"]\n      interval: 10s\n      timeout: 10s\n      retries: 3\n      start_period: 20s\n    networks:\n      - backend\n  \nnetworks:\n  frontend:\n  backend:\n\nvolumes:\n  mongo-data:\nEOF\n\n\n# Create the .env file for the database credentials\ncat \u003c\u003cEOF \u003e /home/ubuntu/.env\nDB_USER=admin\nDB_PASSWORD=password123\nEOF\n\n# Start the stack\n\ncd /home/ubuntu\nsudo docker compose up -d",
            "user_data_base64": null,
            "user_data_replace_on_change": false,
            "volume_tags": null,
            "vpc_security_group_ids": [
              "sg-0b522171ff79080f0"
            ]
          },
          "sensitive_attributes": [],
          "identity_schema_version": 0,
          "identity": {
            "account_id": "767905693503",
            "id": "i-0bedefb064c514dcf",
            "region": "ap-south-1"
          },
          "private": "eyJlMmJmYjczMC1lY2FhLTExZTYtOGY4OC0zNDM2M2JjN2M0YzAiOnsiY3JlYXRlIjo2MDAwMDAwMDAwMDAsImRlbGV0ZSI6MTIwMDAwMDAwMDAwMCwicmVhZCI6OTAwMDAwMDAwMDAwLCJ1cGRhdGUiOjYwMDAwMDAwMDAwMH0sInNjaGVtYV92ZXJzaW9uIjoiMiJ9",
          "dependencies": [
            "aws_security_group.docker_sg",
            "data.aws_ami.ubuntu"
          ]
        }
      ]
    },
    {
      "mode": "managed",
      "type": "aws_key_pair",
      "name": "my_key",
      "provider": "provider[\"registry.terraform.io/hashicorp/aws\"]",
      "instances": [
        {
          "schema_version": 1,
          "attributes": {
            "arn": "arn:aws:ec2:ap-south-1:767905693503:key-pair/my-devops-key",
            "fingerprint": "e1:09:90:80:6d:06:52:ca:ca:7e:a4:d8:90:27:70:fa",
            "id": "my-devops-key",
            "key_name": "my-devops-key",
            "key_name_prefix": "",
            "key_pair_id": "key-03c607bd54e45a8ec",
            "key_type": "rsa",
            "public_key": "ssh-rsa AAAAB3NzaC1yc2EAAAADAQABAAACAQC4CD4IzTZIbVnE1E4tcPskqSdkAkbAeJKpNnYOowJmC44X86RUGsYHUyu3PHLYybc/Y4pPymJHO/OHF8qsr0AHOzGjGqV6USb9VDKBUpZXIEPf8Rzj21BCCQw+OrSOCfCmdqSk+es03HtciDPhFBSsncIGeCYYWNXcqhWATNCOBiyzqvq1ymxPUqcVLY858a8hlA/RLfzWWTON8zEYLSEVaz06/QIjVC/DdS1AO/1ruKY9eWfg5/pM8kzEDPyLrmZXA0KfcwOllBUL4+yc4LRvu29BC3XkSRs96ASJ+9l7QHAok6fWyZKpWyvozCbVN/Jn/GYcLsC2t1TIcDhmHN0Y5xXHQPEZ7W47c810yrScL4jmwc8PTuR65Wlm8XXIqo/6rMM+ee/9PYY4GYlMedKc3MoJzLT8+NgmkojvMNiRcG9QZM5+bAiu/NBy59kGVSqQNkZRmfrq+Vqj9eZW6rtN7K8CGq10mlYncncWNTKoIMyuVsHZO4lV8voP3/LVhlJH2GogJRgLp8YNiGtVSshGwZybz0usr6mUnhcM/j1kuq0ENjTKhbtipTjKOs61qrOx1zs2BSuu7rGXlUJpaNrx02Th/KwMgIKcz2XgoUrsSHj6s5F6+0DaI6RK111TvenFLAtokTXwYiug7yP/yCNQcBWzob+J76PqHfCqR9H/dQ== root@MiNoteBook",
            "region": "ap-south-1",
            "tags": null,
            "tags_all": {}
          },
          "sensitive_attributes": [],
          "identity_schema_version": 0,
          "private": "eyJzY2hlbWFfdmVyc2lvbiI6IjEifQ=="
        }
      ]
    },
    {
      "mode": "managed",
      "type": "aws_security_group",
      "name": "docker_sg",
      "provider": "provider[\"registry.terraform.io/hashicorp/aws\"]",
      "instances": [
        {
          "schema_version": 1,
          "attributes": {
            "arn": "arn:aws:ec2:ap-south-1:767905693503:security-group/sg-0b522171ff79080f0",
            "description": "Allow port 80",
            "egress": [
              {
                "cidr_blocks": [
                  "0.0.0.0/0"
                ],
                "description": "",
                "from_port": 0,
                "ipv6_cidr_blocks": [],
                "prefix_list_ids": [],
                "protocol": "-1",
                "security_groups": [],
                "self": false,
                "to_port": 0
              }
            ],
            "id": "sg-0b522171ff79080f0",
            "ingress": [
              {
                "cidr_blocks": [
                  "0.0.0.0/0"
                ],
                "description": "HTTP",
                "from_port": 80,
                "ipv6_cidr_blocks": [],
                "prefix_list_ids": [],
                "protocol": "tcp",
                "security_groups": [],
                "self": false,
                "to_port": 80
              },
              {
                "cidr_blocks": [
                  "0.0.0.0/0"
                ],
                "description": "SSH",
                "from_port": 22,
                "ipv6_cidr_blocks": [],
                "prefix_list_ids": [],
                "protocol": "tcp",
                "security_groups": [],
                "self": false,
                "to_port": 22
              }
            ],
            "name": "allow_web_traffic_v2",
            "name_prefix": "",
            "owner_id": "767905693503",
            "region": "ap-south-1",
            "revoke_rules_on_delete": false,
            "tags": {
              "Name": "allow_web"
            },
            "tags_all": {
              "Name": "allow_web"
            },
            "timeouts": null,
            "vpc_id": "vpc-0b9a17b93510d73ef"
          },
          "sensitive_attributes": [],
          "identity_schema_version": 0,
          "identity": {
            "account_id": "767905693503",
            "id": "sg-0b522171ff79080f0",
            "region": "ap-south-1"
          },
          "private": "eyJlMmJmYjczMC1lY2FhLTExZTYtOGY4OC0zNDM2M2JjN2M0YzAiOnsiY3JlYXRlIjo2MDAwMDAwMDAwMDAsImRlbGV0ZSI6OTAwMDAwMDAwMDAwfSwic2NoZW1hX3ZlcnNpb24iOiIxIn0="
        }
      ]
    }
  ],
  "check_results": null
}
